PODS:
  - MagicalRecord (2.2):
    - MagicalRecord/Core
  - MagicalRecord/Core (2.2)
  - OpenCV (2.4.8)
  - UIView-IMUUtilities (0.0.1)

DEPENDENCIES:
  - MagicalRecord (~> 2.2)
  - OpenCV (~> 2.4.8)
  - UIView-IMUUtilities (from `podspecs/UIView-IMUUtilities.podspec`)

EXTERNAL SOURCES:
  UIView-IMUUtilities:
    :podspec: podspecs/UIView-IMUUtilities.podspec

SPEC CHECKSUMS:
  MagicalRecord: 95d49d74ef752cd52f6ad87bcb474817fc3978cf
  OpenCV: ea63ea6f551e4faf51f24712fcfd1e3d3345e7d3
  UIView-IMUUtilities: 27fb272f24adb20ec780386f979ef7394a2537fb

COCOAPODS: 0.29.0
