// !$*UTF8*$!
{
	archiveVersion = 1;
	classes = {
	};
	objectVersion = 46;
	objects = {

/* Begin PBXAggregateTarget section */
		02F423CB189D80B100042E9D /* MOGenerator */ = {
			isa = PBXAggregateTarget;
			buildConfigurationList = 02F423CC189D80B100042E9D /* Build configuration list for PBXAggregateTarget "MOGenerator" */;
			buildPhases = (
				02F423CF189D80CC00042E9D /* ShellScript */,
			);
			dependencies = (
			);
			name = MOGenerator;
			productName = MOGenerator;
		};
/* End PBXAggregateTarget section */

/* Begin PBXBuildFile section */
		021B7DF818E3CDBE00C68A59 /* FAImageCollectionViewCell.m in Sources */ = {isa = PBXBuildFile; fileRef = 021B7DF718E3CDBE00C68A59 /* FAImageCollectionViewCell.m */; };
		021B7DFB18E3E5C400C68A59 /* FABaseCameraViewController.mm in Sources */ = {isa = PBXBuildFile; fileRef = 021B7DFA18E3E5C400C68A59 /* FABaseCameraViewController.mm */; };
		022C824718972E8900CA4953 /* Foundation.framework in Frameworks */ = {isa = PBXBuildFile; fileRef = 022C824618972E8900CA4953 /* Foundation.framework */; };
		022C824918972E8900CA4953 /* CoreGraphics.framework in Frameworks */ = {isa = PBXBuildFile; fileRef = 022C824818972E8900CA4953 /* CoreGraphics.framework */; };
		022C824B18972E8900CA4953 /* UIKit.framework in Frameworks */ = {isa = PBXBuildFile; fileRef = 022C824A18972E8900CA4953 /* UIKit.framework */; };
		022C825118972E8900CA4953 /* InfoPlist.strings in Resources */ = {isa = PBXBuildFile; fileRef = 022C824F18972E8900CA4953 /* InfoPlist.strings */; };
		022C825318972E8900CA4953 /* main.m in Sources */ = {isa = PBXBuildFile; fileRef = 022C825218972E8900CA4953 /* main.m */; };
		022C825718972E8900CA4953 /* FAAppDelegate.m in Sources */ = {isa = PBXBuildFile; fileRef = 022C825618972E8900CA4953 /* FAAppDelegate.m */; };
		022C825A18972E8900CA4953 /* Main_iPhone.storyboard in Resources */ = {isa = PBXBuildFile; fileRef = 022C825818972E8900CA4953 /* Main_iPhone.storyboard */; };
		022C825D18972E8900CA4953 /* Main_iPad.storyboard in Resources */ = {isa = PBXBuildFile; fileRef = 022C825B18972E8900CA4953 /* Main_iPad.storyboard */; };
		022C826018972E8900CA4953 /* FARootViewController.mm in Sources */ = {isa = PBXBuildFile; fileRef = 022C825F18972E8900CA4953 /* FARootViewController.mm */; };
		022C826218972E8900CA4953 /* Images.xcassets in Resources */ = {isa = PBXBuildFile; fileRef = 022C826118972E8900CA4953 /* Images.xcassets */; };
		022C826918972E8900CA4953 /* XCTest.framework in Frameworks */ = {isa = PBXBuildFile; fileRef = 022C826818972E8900CA4953 /* XCTest.framework */; };
		022C826A18972E8900CA4953 /* Foundation.framework in Frameworks */ = {isa = PBXBuildFile; fileRef = 022C824618972E8900CA4953 /* Foundation.framework */; };
		022C826B18972E8900CA4953 /* UIKit.framework in Frameworks */ = {isa = PBXBuildFile; fileRef = 022C824A18972E8900CA4953 /* UIKit.framework */; };
		022C827318972E8900CA4953 /* InfoPlist.strings in Resources */ = {isa = PBXBuildFile; fileRef = 022C827118972E8900CA4953 /* InfoPlist.strings */; };
		022C827518972E8900CA4953 /* FaceAnthemTests.m in Sources */ = {isa = PBXBuildFile; fileRef = 022C827418972E8900CA4953 /* FaceAnthemTests.m */; };
		022C827F1897311400CA4953 /* CoreImage.framework in Frameworks */ = {isa = PBXBuildFile; fileRef = 022C827E1897311400CA4953 /* CoreImage.framework */; };
		022C82811897343700CA4953 /* QuartzCore.framework in Frameworks */ = {isa = PBXBuildFile; fileRef = 022C82801897343700CA4953 /* QuartzCore.framework */; };
		022C82831897343C00CA4953 /* AVFoundation.framework in Frameworks */ = {isa = PBXBuildFile; fileRef = 022C82821897343C00CA4953 /* AVFoundation.framework */; };
		022C82871897365800CA4953 /* AssetsLibrary.framework in Frameworks */ = {isa = PBXBuildFile; fileRef = 022C82861897365800CA4953 /* AssetsLibrary.framework */; };
		022C82891897365D00CA4953 /* ImageIO.framework in Frameworks */ = {isa = PBXBuildFile; fileRef = 022C82881897365D00CA4953 /* ImageIO.framework */; };
		022C829918977CC800CA4953 /* UIStoryboard+FaceAnthem.m in Sources */ = {isa = PBXBuildFile; fileRef = 022C829818977CC800CA4953 /* UIStoryboard+FaceAnthem.m */; };
		027BE10218DE3051002FCD6B /* FAConstants.m in Sources */ = {isa = PBXBuildFile; fileRef = 027BE10118DE3051002FCD6B /* FAConstants.m */; };
		0292914018C15597009DD431 /* FAEditPersonViewController.m in Sources */ = {isa = PBXBuildFile; fileRef = 0292913F18C15597009DD431 /* FAEditPersonViewController.m */; };
		0292914418C25EF8009DD431 /* FAAddPersonViewController.m in Sources */ = {isa = PBXBuildFile; fileRef = 0292914318C25EF8009DD431 /* FAAddPersonViewController.m */; };
		0292914718C451BD009DD431 /* FAAddPhotosViewController.mm in Sources */ = {isa = PBXBuildFile; fileRef = 0292914618C451BD009DD431 /* FAAddPhotosViewController.mm */; };
		02AFFDBF18D4E2E6007A46BF /* FAPersonBaseViewController.mm in Sources */ = {isa = PBXBuildFile; fileRef = 02AFFDBE18D4E2E6007A46BF /* FAPersonBaseViewController.mm */; };
		02AFFDC218D6A922007A46BF /* FAFaceDetector.mm in Sources */ = {isa = PBXBuildFile; fileRef = 02AFFDC118D6A922007A46BF /* FAFaceDetector.mm */; };
		02AFFDC618D7F675007A46BF /* FAOpenCVData.mm in Sources */ = {isa = PBXBuildFile; fileRef = 02AFFDC518D7F675007A46BF /* FAOpenCVData.mm */; };
		02DF342418D81DF10051E7CB /* haarcascade_frontalface_alt2.xml in Resources */ = {isa = PBXBuildFile; fileRef = 02DF342318D81DF10051E7CB /* haarcascade_frontalface_alt2.xml */; };
		02EFA48418C1350D00C42C4C /* FAPeopleViewController.mm in Sources */ = {isa = PBXBuildFile; fileRef = 02EFA48318C1350D00C42C4C /* FAPeopleViewController.mm */; };
		02EFA48718C141C900C42C4C /* _FAPicture.m in Sources */ = {isa = PBXBuildFile; fileRef = 02EFA48618C141C900C42C4C /* _FAPicture.m */; };
		02EFA48A18C141D600C42C4C /* FAPicture.mm in Sources */ = {isa = PBXBuildFile; fileRef = 02EFA48918C141D600C42C4C /* FAPicture.mm */; };
		02EFA48F18C14DB800C42C4C /* FAPersonCell.m in Sources */ = {isa = PBXBuildFile; fileRef = 02EFA48E18C14DB800C42C4C /* FAPersonCell.m */; };
		02F423C2189D7E3200042E9D /* FaceAnthemModel.xcdatamodeld in Sources */ = {isa = PBXBuildFile; fileRef = 02F423C0189D7E3200042E9D /* FaceAnthemModel.xcdatamodeld */; };
		02F423C6189D7FD000042E9D /* FAPerson.m in Sources */ = {isa = PBXBuildFile; fileRef = 02F423C5189D7FD000042E9D /* FAPerson.m */; };
		02F423CA189D7FEA00042E9D /* _FAPerson.m in Sources */ = {isa = PBXBuildFile; fileRef = 02F423C9189D7FEA00042E9D /* _FAPerson.m */; };
		02F423D2189D9D3B00042E9D /* FAFaceRecognizer.mm in Sources */ = {isa = PBXBuildFile; fileRef = 02F423D1189D9D3B00042E9D /* FAFaceRecognizer.mm */; };
		C8D015C4EFD540DCB477AF28 /* libPods.a in Frameworks */ = {isa = PBXBuildFile; fileRef = 020A7AD7B4654E87B5ADB98B /* libPods.a */; };
/* End PBXBuildFile section */

/* Begin PBXContainerItemProxy section */
		022C826C18972E8900CA4953 /* PBXContainerItemProxy */ = {
			isa = PBXContainerItemProxy;
			containerPortal = 022C823B18972E8900CA4953 /* Project object */;
			proxyType = 1;
			remoteGlobalIDString = 022C824218972E8900CA4953;
			remoteInfo = FaceAnthem;
		};
/* End PBXContainerItemProxy section */

/* Begin PBXFileReference section */
		020A7AD7B4654E87B5ADB98B /* libPods.a */ = {isa = PBXFileReference; explicitFileType = archive.ar; includeInIndex = 0; path = libPods.a; sourceTree = BUILT_PRODUCTS_DIR; };
		021B7DF618E3CDBE00C68A59 /* FAImageCollectionViewCell.h */ = {isa = PBXFileReference; fileEncoding = 4; lastKnownFileType = sourcecode.c.h; name = FAImageCollectionViewCell.h; path = Code/FAImageCollectionViewCell.h; sourceTree = "<group>"; };
		021B7DF718E3CDBE00C68A59 /* FAImageCollectionViewCell.m */ = {isa = PBXFileReference; fileEncoding = 4; lastKnownFileType = sourcecode.c.objc; name = FAImageCollectionViewCell.m; path = Code/FAImageCollectionViewCell.m; sourceTree = "<group>"; };
		021B7DF918E3E5C400C68A59 /* FABaseCameraViewController.h */ = {isa = PBXFileReference; fileEncoding = 4; lastKnownFileType = sourcecode.c.h; name = FABaseCameraViewController.h; path = Code/FABaseCameraViewController.h; sourceTree = "<group>"; };
		021B7DFA18E3E5C400C68A59 /* FABaseCameraViewController.mm */ = {isa = PBXFileReference; fileEncoding = 4; lastKnownFileType = sourcecode.cpp.objcpp; name = FABaseCameraViewController.mm; path = Code/FABaseCameraViewController.mm; sourceTree = "<group>"; };
		022C824318972E8900CA4953 /* FaceAnthem.app */ = {isa = PBXFileReference; explicitFileType = wrapper.application; includeInIndex = 0; path = FaceAnthem.app; sourceTree = BUILT_PRODUCTS_DIR; };
		022C824618972E8900CA4953 /* Foundation.framework */ = {isa = PBXFileReference; lastKnownFileType = wrapper.framework; name = Foundation.framework; path = System/Library/Frameworks/Foundation.framework; sourceTree = SDKROOT; };
		022C824818972E8900CA4953 /* CoreGraphics.framework */ = {isa = PBXFileReference; lastKnownFileType = wrapper.framework; name = CoreGraphics.framework; path = System/Library/Frameworks/CoreGraphics.framework; sourceTree = SDKROOT; };
		022C824A18972E8900CA4953 /* UIKit.framework */ = {isa = PBXFileReference; lastKnownFileType = wrapper.framework; name = UIKit.framework; path = System/Library/Frameworks/UIKit.framework; sourceTree = SDKROOT; };
		022C824E18972E8900CA4953 /* FaceAnthem-Info.plist */ = {isa = PBXFileReference; lastKnownFileType = text.plist.xml; path = "FaceAnthem-Info.plist"; sourceTree = "<group>"; };
		022C825018972E8900CA4953 /* en */ = {isa = PBXFileReference; lastKnownFileType = text.plist.strings; name = en; path = en.lproj/InfoPlist.strings; sourceTree = "<group>"; };
		022C825218972E8900CA4953 /* main.m */ = {isa = PBXFileReference; lastKnownFileType = sourcecode.c.objc; path = main.m; sourceTree = "<group>"; };
		022C825418972E8900CA4953 /* FaceAnthem-Prefix.pch */ = {isa = PBXFileReference; lastKnownFileType = sourcecode.c.h; path = "FaceAnthem-Prefix.pch"; sourceTree = "<group>"; };
		022C825518972E8900CA4953 /* FAAppDelegate.h */ = {isa = PBXFileReference; lastKnownFileType = sourcecode.c.h; path = FAAppDelegate.h; sourceTree = "<group>"; };
		022C825618972E8900CA4953 /* FAAppDelegate.m */ = {isa = PBXFileReference; lastKnownFileType = sourcecode.c.objc; path = FAAppDelegate.m; sourceTree = "<group>"; };
		022C825918972E8900CA4953 /* Base */ = {isa = PBXFileReference; lastKnownFileType = file.storyboard; name = Base; path = Base.lproj/Main_iPhone.storyboard; sourceTree = "<group>"; };
		022C825C18972E8900CA4953 /* Base */ = {isa = PBXFileReference; lastKnownFileType = file.storyboard; name = Base; path = Base.lproj/Main_iPad.storyboard; sourceTree = "<group>"; };
		022C825E18972E8900CA4953 /* FARootViewController.h */ = {isa = PBXFileReference; lastKnownFileType = sourcecode.c.h; path = FARootViewController.h; sourceTree = "<group>"; };
		022C825F18972E8900CA4953 /* FARootViewController.mm */ = {isa = PBXFileReference; lastKnownFileType = sourcecode.cpp.objcpp; path = FARootViewController.mm; sourceTree = "<group>"; };
		022C826118972E8900CA4953 /* Images.xcassets */ = {isa = PBXFileReference; lastKnownFileType = folder.assetcatalog; path = Images.xcassets; sourceTree = "<group>"; };
		022C826718972E8900CA4953 /* FaceAnthemTests.xctest */ = {isa = PBXFileReference; explicitFileType = wrapper.cfbundle; includeInIndex = 0; path = FaceAnthemTests.xctest; sourceTree = BUILT_PRODUCTS_DIR; };
		022C826818972E8900CA4953 /* XCTest.framework */ = {isa = PBXFileReference; lastKnownFileType = wrapper.framework; name = XCTest.framework; path = Library/Frameworks/XCTest.framework; sourceTree = DEVELOPER_DIR; };
		022C827018972E8900CA4953 /* FaceAnthemTests-Info.plist */ = {isa = PBXFileReference; lastKnownFileType = text.plist.xml; path = "FaceAnthemTests-Info.plist"; sourceTree = "<group>"; };
		022C827218972E8900CA4953 /* en */ = {isa = PBXFileReference; lastKnownFileType = text.plist.strings; name = en; path = en.lproj/InfoPlist.strings; sourceTree = "<group>"; };
		022C827418972E8900CA4953 /* FaceAnthemTests.m */ = {isa = PBXFileReference; lastKnownFileType = sourcecode.c.objc; path = FaceAnthemTests.m; sourceTree = "<group>"; };
		022C827E1897311400CA4953 /* CoreImage.framework */ = {isa = PBXFileReference; lastKnownFileType = wrapper.framework; name = CoreImage.framework; path = System/Library/Frameworks/CoreImage.framework; sourceTree = SDKROOT; };
		022C82801897343700CA4953 /* QuartzCore.framework */ = {isa = PBXFileReference; lastKnownFileType = wrapper.framework; name = QuartzCore.framework; path = System/Library/Frameworks/QuartzCore.framework; sourceTree = SDKROOT; };
		022C82821897343C00CA4953 /* AVFoundation.framework */ = {isa = PBXFileReference; lastKnownFileType = wrapper.framework; name = AVFoundation.framework; path = System/Library/Frameworks/AVFoundation.framework; sourceTree = SDKROOT; };
		022C82861897365800CA4953 /* AssetsLibrary.framework */ = {isa = PBXFileReference; lastKnownFileType = wrapper.framework; name = AssetsLibrary.framework; path = System/Library/Frameworks/AssetsLibrary.framework; sourceTree = SDKROOT; };
		022C82881897365D00CA4953 /* ImageIO.framework */ = {isa = PBXFileReference; lastKnownFileType = wrapper.framework; name = ImageIO.framework; path = System/Library/Frameworks/ImageIO.framework; sourceTree = SDKROOT; };
		022C829718977CC800CA4953 /* UIStoryboard+FaceAnthem.h */ = {isa = PBXFileReference; fileEncoding = 4; lastKnownFileType = sourcecode.c.h; name = "UIStoryboard+FaceAnthem.h"; path = "Code/UIStoryboard+FaceAnthem.h"; sourceTree = "<group>"; };
		022C829818977CC800CA4953 /* UIStoryboard+FaceAnthem.m */ = {isa = PBXFileReference; fileEncoding = 4; lastKnownFileType = sourcecode.c.objc; name = "UIStoryboard+FaceAnthem.m"; path = "Code/UIStoryboard+FaceAnthem.m"; sourceTree = "<group>"; };
		027BE10018DE3051002FCD6B /* FAConstants.h */ = {isa = PBXFileReference; fileEncoding = 4; lastKnownFileType = sourcecode.c.h; name = FAConstants.h; path = Code/FAConstants.h; sourceTree = "<group>"; };
		027BE10118DE3051002FCD6B /* FAConstants.m */ = {isa = PBXFileReference; fileEncoding = 4; lastKnownFileType = sourcecode.c.objc; name = FAConstants.m; path = Code/FAConstants.m; sourceTree = "<group>"; };
		0292913E18C15597009DD431 /* FAEditPersonViewController.h */ = {isa = PBXFileReference; fileEncoding = 4; lastKnownFileType = sourcecode.c.h; name = FAEditPersonViewController.h; path = Code/FAEditPersonViewController.h; sourceTree = "<group>"; };
		0292913F18C15597009DD431 /* FAEditPersonViewController.m */ = {isa = PBXFileReference; fileEncoding = 4; lastKnownFileType = sourcecode.c.objc; name = FAEditPersonViewController.m; path = Code/FAEditPersonViewController.m; sourceTree = "<group>"; };
		0292914218C25EF8009DD431 /* FAAddPersonViewController.h */ = {isa = PBXFileReference; fileEncoding = 4; lastKnownFileType = sourcecode.c.h; name = FAAddPersonViewController.h; path = Code/FAAddPersonViewController.h; sourceTree = "<group>"; };
		0292914318C25EF8009DD431 /* FAAddPersonViewController.m */ = {isa = PBXFileReference; fileEncoding = 4; lastKnownFileType = sourcecode.c.objc; name = FAAddPersonViewController.m; path = Code/FAAddPersonViewController.m; sourceTree = "<group>"; };
		0292914518C451BD009DD431 /* FAAddPhotosViewController.h */ = {isa = PBXFileReference; fileEncoding = 4; lastKnownFileType = sourcecode.c.h; name = FAAddPhotosViewController.h; path = Code/FAAddPhotosViewController.h; sourceTree = "<group>"; };
		0292914618C451BD009DD431 /* FAAddPhotosViewController.mm */ = {isa = PBXFileReference; fileEncoding = 4; lastKnownFileType = sourcecode.cpp.objcpp; name = FAAddPhotosViewController.mm; path = Code/FAAddPhotosViewController.mm; sourceTree = "<group>"; };
		02AFFDBD18D4E2E6007A46BF /* FAPersonBaseViewController.h */ = {isa = PBXFileReference; fileEncoding = 4; lastKnownFileType = sourcecode.c.h; name = FAPersonBaseViewController.h; path = Code/FAPersonBaseViewController.h; sourceTree = "<group>"; };
		02AFFDBE18D4E2E6007A46BF /* FAPersonBaseViewController.mm */ = {isa = PBXFileReference; fileEncoding = 4; lastKnownFileType = sourcecode.cpp.objcpp; name = FAPersonBaseViewController.mm; path = Code/FAPersonBaseViewController.mm; sourceTree = "<group>"; };
		02AFFDC018D6A922007A46BF /* FAFaceDetector.h */ = {isa = PBXFileReference; fileEncoding = 4; lastKnownFileType = sourcecode.c.h; name = FAFaceDetector.h; path = Code/FAFaceDetector.h; sourceTree = "<group>"; };
		02AFFDC118D6A922007A46BF /* FAFaceDetector.mm */ = {isa = PBXFileReference; fileEncoding = 4; lastKnownFileType = sourcecode.cpp.objcpp; name = FAFaceDetector.mm; path = Code/FAFaceDetector.mm; sourceTree = "<group>"; };
		02AFFDC418D7F675007A46BF /* FAOpenCVData.h */ = {isa = PBXFileReference; explicitFileType = sourcecode.cpp.objcpp; fileEncoding = 4; name = FAOpenCVData.h; path = Code/FAOpenCVData.h; sourceTree = "<group>"; };
		02AFFDC518D7F675007A46BF /* FAOpenCVData.mm */ = {isa = PBXFileReference; fileEncoding = 4; lastKnownFileType = sourcecode.cpp.objcpp; name = FAOpenCVData.mm; path = Code/FAOpenCVData.mm; sourceTree = "<group>"; };
		02DF342318D81DF10051E7CB /* haarcascade_frontalface_alt2.xml */ = {isa = PBXFileReference; fileEncoding = 4; lastKnownFileType = text.xml; path = haarcascade_frontalface_alt2.xml; sourceTree = "<group>"; };
		02EFA48218C1350D00C42C4C /* FAPeopleViewController.h */ = {isa = PBXFileReference; fileEncoding = 4; lastKnownFileType = sourcecode.c.h; name = FAPeopleViewController.h; path = Code/FAPeopleViewController.h; sourceTree = "<group>"; };
		02EFA48318C1350D00C42C4C /* FAPeopleViewController.mm */ = {isa = PBXFileReference; fileEncoding = 4; lastKnownFileType = sourcecode.cpp.objcpp; name = FAPeopleViewController.mm; path = Code/FAPeopleViewController.mm; sourceTree = "<group>"; };
		02EFA48518C141C900C42C4C /* _FAPicture.h */ = {isa = PBXFileReference; fileEncoding = 4; lastKnownFileType = sourcecode.c.h; name = _FAPicture.h; path = Code/MOGenerated/_FAPicture.h; sourceTree = "<group>"; };
		02EFA48618C141C900C42C4C /* _FAPicture.m */ = {isa = PBXFileReference; fileEncoding = 4; lastKnownFileType = sourcecode.c.objc; name = _FAPicture.m; path = Code/MOGenerated/_FAPicture.m; sourceTree = "<group>"; };
		02EFA48818C141D600C42C4C /* FAPicture.h */ = {isa = PBXFileReference; fileEncoding = 4; lastKnownFileType = sourcecode.c.h; name = FAPicture.h; path = Code/FAPicture.h; sourceTree = "<group>"; };
		02EFA48918C141D600C42C4C /* FAPicture.mm */ = {isa = PBXFileReference; fileEncoding = 4; lastKnownFileType = sourcecode.cpp.objcpp; name = FAPicture.mm; path = Code/FAPicture.mm; sourceTree = "<group>"; };
		02EFA48D18C14DB800C42C4C /* FAPersonCell.h */ = {isa = PBXFileReference; fileEncoding = 4; lastKnownFileType = sourcecode.c.h; name = FAPersonCell.h; path = Code/FAPersonCell.h; sourceTree = "<group>"; };
		02EFA48E18C14DB800C42C4C /* FAPersonCell.m */ = {isa = PBXFileReference; fileEncoding = 4; lastKnownFileType = sourcecode.c.objc; name = FAPersonCell.m; path = Code/FAPersonCell.m; sourceTree = "<group>"; };
		02F423C1189D7E3200042E9D /* FaceAnthemModel.xcdatamodel */ = {isa = PBXFileReference; lastKnownFileType = wrapper.xcdatamodel; path = FaceAnthemModel.xcdatamodel; sourceTree = "<group>"; };
		02F423C4189D7FD000042E9D /* FAPerson.h */ = {isa = PBXFileReference; fileEncoding = 4; lastKnownFileType = sourcecode.c.h; name = FAPerson.h; path = Code/FAPerson.h; sourceTree = "<group>"; };
		02F423C5189D7FD000042E9D /* FAPerson.m */ = {isa = PBXFileReference; fileEncoding = 4; lastKnownFileType = sourcecode.c.objc; name = FAPerson.m; path = Code/FAPerson.m; sourceTree = "<group>"; };
		02F423C8189D7FEA00042E9D /* _FAPerson.h */ = {isa = PBXFileReference; fileEncoding = 4; lastKnownFileType = sourcecode.c.h; name = _FAPerson.h; path = Code/MOGenerated/_FAPerson.h; sourceTree = "<group>"; };
		02F423C9189D7FEA00042E9D /* _FAPerson.m */ = {isa = PBXFileReference; fileEncoding = 4; lastKnownFileType = sourcecode.c.objc; name = _FAPerson.m; path = Code/MOGenerated/_FAPerson.m; sourceTree = "<group>"; };
		02F423D0189D9D3B00042E9D /* FAFaceRecognizer.h */ = {isa = PBXFileReference; explicitFileType = sourcecode.cpp.objcpp; fileEncoding = 4; name = FAFaceRecognizer.h; path = Code/FAFaceRecognizer.h; sourceTree = "<group>"; };
		02F423D1189D9D3B00042E9D /* FAFaceRecognizer.mm */ = {isa = PBXFileReference; fileEncoding = 4; lastKnownFileType = sourcecode.cpp.objcpp; name = FAFaceRecognizer.mm; path = Code/FAFaceRecognizer.mm; sourceTree = "<group>"; };
		70E3271B0C2B476AAC4C0D01 /* Pods.xcconfig */ = {isa = PBXFileReference; includeInIndex = 1; lastKnownFileType = text.xcconfig; name = Pods.xcconfig; path = Pods/Pods.xcconfig; sourceTree = "<group>"; };
/* End PBXFileReference section */

/* Begin PBXFrameworksBuildPhase section */
		022C824018972E8900CA4953 /* Frameworks */ = {
			isa = PBXFrameworksBuildPhase;
			buildActionMask = 2147483647;
			files = (
				022C82891897365D00CA4953 /* ImageIO.framework in Frameworks */,
				022C82871897365800CA4953 /* AssetsLibrary.framework in Frameworks */,
				022C82831897343C00CA4953 /* AVFoundation.framework in Frameworks */,
				022C82811897343700CA4953 /* QuartzCore.framework in Frameworks */,
				022C827F1897311400CA4953 /* CoreImage.framework in Frameworks */,
				022C824918972E8900CA4953 /* CoreGraphics.framework in Frameworks */,
				022C824B18972E8900CA4953 /* UIKit.framework in Frameworks */,
				022C824718972E8900CA4953 /* Foundation.framework in Frameworks */,
				C8D015C4EFD540DCB477AF28 /* libPods.a in Frameworks */,
			);
			runOnlyForDeploymentPostprocessing = 0;
		};
		022C826418972E8900CA4953 /* Frameworks */ = {
			isa = PBXFrameworksBuildPhase;
			buildActionMask = 2147483647;
			files = (
				022C826918972E8900CA4953 /* XCTest.framework in Frameworks */,
				022C826B18972E8900CA4953 /* UIKit.framework in Frameworks */,
				022C826A18972E8900CA4953 /* Foundation.framework in Frameworks */,
			);
			runOnlyForDeploymentPostprocessing = 0;
		};
/* End PBXFrameworksBuildPhase section */

/* Begin PBXGroup section */
		021B7DF518E3CD5900C68A59 /* Collection View Cells */ = {
			isa = PBXGroup;
			children = (
				021B7DF618E3CDBE00C68A59 /* FAImageCollectionViewCell.h */,
				021B7DF718E3CDBE00C68A59 /* FAImageCollectionViewCell.m */,
			);
			name = "Collection View Cells";
			sourceTree = "<group>";
		};
		021B7DFC18E3ED8600C68A59 /* Camera Controllers */ = {
			isa = PBXGroup;
			children = (
				021B7DF918E3E5C400C68A59 /* FABaseCameraViewController.h */,
				021B7DFA18E3E5C400C68A59 /* FABaseCameraViewController.mm */,
				022C825E18972E8900CA4953 /* FARootViewController.h */,
				022C825F18972E8900CA4953 /* FARootViewController.mm */,
				0292914518C451BD009DD431 /* FAAddPhotosViewController.h */,
				0292914618C451BD009DD431 /* FAAddPhotosViewController.mm */,
			);
			name = "Camera Controllers";
			sourceTree = "<group>";
		};
		021B7DFD18E3EDA500C68A59 /* Person Detail Views */ = {
			isa = PBXGroup;
			children = (
				02AFFDBD18D4E2E6007A46BF /* FAPersonBaseViewController.h */,
				02AFFDBE18D4E2E6007A46BF /* FAPersonBaseViewController.mm */,
				0292913E18C15597009DD431 /* FAEditPersonViewController.h */,
				0292913F18C15597009DD431 /* FAEditPersonViewController.m */,
				0292914218C25EF8009DD431 /* FAAddPersonViewController.h */,
				0292914318C25EF8009DD431 /* FAAddPersonViewController.m */,
			);
			name = "Person Detail Views";
			sourceTree = "<group>";
		};
		022C823A18972E8900CA4953 = {
			isa = PBXGroup;
			children = (
				022C824C18972E8900CA4953 /* FaceAnthem */,
				022C826E18972E8900CA4953 /* FaceAnthemTests */,
				022C824518972E8900CA4953 /* Frameworks */,
				022C824418972E8900CA4953 /* Products */,
				70E3271B0C2B476AAC4C0D01 /* Pods.xcconfig */,
			);
			sourceTree = "<group>";
		};
		022C824418972E8900CA4953 /* Products */ = {
			isa = PBXGroup;
			children = (
				022C824318972E8900CA4953 /* FaceAnthem.app */,
				022C826718972E8900CA4953 /* FaceAnthemTests.xctest */,
			);
			name = Products;
			sourceTree = "<group>";
		};
		022C824518972E8900CA4953 /* Frameworks */ = {
			isa = PBXGroup;
			children = (
				022C82881897365D00CA4953 /* ImageIO.framework */,
				022C82861897365800CA4953 /* AssetsLibrary.framework */,
				022C82821897343C00CA4953 /* AVFoundation.framework */,
				022C82801897343700CA4953 /* QuartzCore.framework */,
				022C827E1897311400CA4953 /* CoreImage.framework */,
				022C824618972E8900CA4953 /* Foundation.framework */,
				022C824818972E8900CA4953 /* CoreGraphics.framework */,
				022C824A18972E8900CA4953 /* UIKit.framework */,
				022C826818972E8900CA4953 /* XCTest.framework */,
				020A7AD7B4654E87B5ADB98B /* libPods.a */,
			);
			name = Frameworks;
			sourceTree = "<group>";
		};
		022C824C18972E8900CA4953 /* FaceAnthem */ = {
			isa = PBXGroup;
			children = (
				02F423BB189D70AA00042E9D /* Models */,
				02F423BA189D709100042E9D /* View Controllers */,
				02EFA48B18C14D8C00C42C4C /* Views */,
				022C829618977C8200CA4953 /* Categories */,
				022C825518972E8900CA4953 /* FAAppDelegate.h */,
				022C825618972E8900CA4953 /* FAAppDelegate.m */,
				022C826118972E8900CA4953 /* Images.xcassets */,
				022C824D18972E8900CA4953 /* Supporting Files */,
				027BE10018DE3051002FCD6B /* FAConstants.h */,
				027BE10118DE3051002FCD6B /* FAConstants.m */,
			);
			path = FaceAnthem;
			sourceTree = "<group>";
		};
		022C824D18972E8900CA4953 /* Supporting Files */ = {
			isa = PBXGroup;
			children = (
				02DF342318D81DF10051E7CB /* haarcascade_frontalface_alt2.xml */,
				022C824E18972E8900CA4953 /* FaceAnthem-Info.plist */,
				022C824F18972E8900CA4953 /* InfoPlist.strings */,
				022C825218972E8900CA4953 /* main.m */,
				022C825418972E8900CA4953 /* FaceAnthem-Prefix.pch */,
			);
			name = "Supporting Files";
			sourceTree = "<group>";
		};
		022C826E18972E8900CA4953 /* FaceAnthemTests */ = {
			isa = PBXGroup;
			children = (
				022C827418972E8900CA4953 /* FaceAnthemTests.m */,
				022C826F18972E8900CA4953 /* Supporting Files */,
			);
			path = FaceAnthemTests;
			sourceTree = "<group>";
		};
		022C826F18972E8900CA4953 /* Supporting Files */ = {
			isa = PBXGroup;
			children = (
				022C827018972E8900CA4953 /* FaceAnthemTests-Info.plist */,
				022C827118972E8900CA4953 /* InfoPlist.strings */,
			);
			name = "Supporting Files";
			sourceTree = "<group>";
		};
		022C829618977C8200CA4953 /* Categories */ = {
			isa = PBXGroup;
			children = (
				022C829718977CC800CA4953 /* UIStoryboard+FaceAnthem.h */,
				022C829818977CC800CA4953 /* UIStoryboard+FaceAnthem.m */,
			);
			name = Categories;
			sourceTree = "<group>";
		};
		02EFA48B18C14D8C00C42C4C /* Views */ = {
			isa = PBXGroup;
			children = (
				021B7DF518E3CD5900C68A59 /* Collection View Cells */,
				02EFA48C18C14D9100C42C4C /* Table View Cells */,
			);
			name = Views;
			sourceTree = "<group>";
		};
		02EFA48C18C14D9100C42C4C /* Table View Cells */ = {
			isa = PBXGroup;
			children = (
				02EFA48D18C14DB800C42C4C /* FAPersonCell.h */,
				02EFA48E18C14DB800C42C4C /* FAPersonCell.m */,
			);
			name = "Table View Cells";
			sourceTree = "<group>";
		};
		02F423BA189D709100042E9D /* View Controllers */ = {
			isa = PBXGroup;
			children = (
				021B7DFD18E3EDA500C68A59 /* Person Detail Views */,
				021B7DFC18E3ED8600C68A59 /* Camera Controllers */,
				02EFA48218C1350D00C42C4C /* FAPeopleViewController.h */,
				02EFA48318C1350D00C42C4C /* FAPeopleViewController.mm */,
			);
			name = "View Controllers";
			sourceTree = "<group>";
		};
		02F423BB189D70AA00042E9D /* Models */ = {
			isa = PBXGroup;
			children = (
				02F423BC189D70B400042E9D /* Storyboards */,
				02F423C3189D7FBD00042E9D /* CoreData */,
				02AFFDC018D6A922007A46BF /* FAFaceDetector.h */,
				02AFFDC118D6A922007A46BF /* FAFaceDetector.mm */,
				02F423D0189D9D3B00042E9D /* FAFaceRecognizer.h */,
				02F423D1189D9D3B00042E9D /* FAFaceRecognizer.mm */,
				02AFFDC418D7F675007A46BF /* FAOpenCVData.h */,
				02AFFDC518D7F675007A46BF /* FAOpenCVData.mm */,
			);
			name = Models;
			sourceTree = "<group>";
		};
		02F423BC189D70B400042E9D /* Storyboards */ = {
			isa = PBXGroup;
			children = (
				022C825818972E8900CA4953 /* Main_iPhone.storyboard */,
				022C825B18972E8900CA4953 /* Main_iPad.storyboard */,
			);
			name = Storyboards;
			sourceTree = "<group>";
		};
		02F423C3189D7FBD00042E9D /* CoreData */ = {
			isa = PBXGroup;
			children = (
				02F423C7189D7FD500042E9D /* MOGenerated */,
				02F423C4189D7FD000042E9D /* FAPerson.h */,
				02F423C5189D7FD000042E9D /* FAPerson.m */,
				02EFA48818C141D600C42C4C /* FAPicture.h */,
				02EFA48918C141D600C42C4C /* FAPicture.mm */,
				02F423C0189D7E3200042E9D /* FaceAnthemModel.xcdatamodeld */,
			);
			name = CoreData;
			sourceTree = "<group>";
		};
		02F423C7189D7FD500042E9D /* MOGenerated */ = {
			isa = PBXGroup;
			children = (
				02EFA48518C141C900C42C4C /* _FAPicture.h */,
				02EFA48618C141C900C42C4C /* _FAPicture.m */,
				02F423C8189D7FEA00042E9D /* _FAPerson.h */,
				02F423C9189D7FEA00042E9D /* _FAPerson.m */,
			);
			name = MOGenerated;
			sourceTree = "<group>";
		};
/* End PBXGroup section */

/* Begin PBXNativeTarget section */
		022C824218972E8900CA4953 /* FaceAnthem */ = {
			isa = PBXNativeTarget;
			buildConfigurationList = 022C827818972E8900CA4953 /* Build configuration list for PBXNativeTarget "FaceAnthem" */;
			buildPhases = (
				08FCFCC3B0674CAEBB9A7F7B /* Check Pods Manifest.lock */,
				022C823F18972E8900CA4953 /* Sources */,
				022C824018972E8900CA4953 /* Frameworks */,
				022C824118972E8900CA4953 /* Resources */,
				6D188144629F45AABCB7F1BF /* Copy Pods Resources */,
			);
			buildRules = (
			);
			dependencies = (
			);
			name = FaceAnthem;
			productName = FaceAnthem;
			productReference = 022C824318972E8900CA4953 /* FaceAnthem.app */;
			productType = "com.apple.product-type.application";
		};
		022C826618972E8900CA4953 /* FaceAnthemTests */ = {
			isa = PBXNativeTarget;
			buildConfigurationList = 022C827B18972E8900CA4953 /* Build configuration list for PBXNativeTarget "FaceAnthemTests" */;
			buildPhases = (
				022C826318972E8900CA4953 /* Sources */,
				022C826418972E8900CA4953 /* Frameworks */,
				022C826518972E8900CA4953 /* Resources */,
			);
			buildRules = (
			);
			dependencies = (
				022C826D18972E8900CA4953 /* PBXTargetDependency */,
			);
			name = FaceAnthemTests;
			productName = FaceAnthemTests;
			productReference = 022C826718972E8900CA4953 /* FaceAnthemTests.xctest */;
			productType = "com.apple.product-type.bundle.unit-test";
		};
/* End PBXNativeTarget section */

/* Begin PBXProject section */
		022C823B18972E8900CA4953 /* Project object */ = {
			isa = PBXProject;
			attributes = {
				CLASSPREFIX = FA;
				LastUpgradeCheck = 0510;
				ORGANIZATIONNAME = Imulus;
				TargetAttributes = {
					022C826618972E8900CA4953 = {
						TestTargetID = 022C824218972E8900CA4953;
					};
				};
			};
			buildConfigurationList = 022C823E18972E8900CA4953 /* Build configuration list for PBXProject "FaceAnthem" */;
			compatibilityVersion = "Xcode 3.2";
			developmentRegion = English;
			hasScannedForEncodings = 0;
			knownRegions = (
				en,
				Base,
			);
			mainGroup = 022C823A18972E8900CA4953;
			productRefGroup = 022C824418972E8900CA4953 /* Products */;
			projectDirPath = "";
			projectRoot = "";
			targets = (
				022C824218972E8900CA4953 /* FaceAnthem */,
				022C826618972E8900CA4953 /* FaceAnthemTests */,
				02F423CB189D80B100042E9D /* MOGenerator */,
			);
		};
/* End PBXProject section */

/* Begin PBXResourcesBuildPhase section */
		022C824118972E8900CA4953 /* Resources */ = {
			isa = PBXResourcesBuildPhase;
			buildActionMask = 2147483647;
			files = (
				022C825D18972E8900CA4953 /* Main_iPad.storyboard in Resources */,
				022C826218972E8900CA4953 /* Images.xcassets in Resources */,
				02DF342418D81DF10051E7CB /* haarcascade_frontalface_alt2.xml in Resources */,
				022C825A18972E8900CA4953 /* Main_iPhone.storyboard in Resources */,
				022C825118972E8900CA4953 /* InfoPlist.strings in Resources */,
			);
			runOnlyForDeploymentPostprocessing = 0;
		};
		022C826518972E8900CA4953 /* Resources */ = {
			isa = PBXResourcesBuildPhase;
			buildActionMask = 2147483647;
			files = (
				022C827318972E8900CA4953 /* InfoPlist.strings in Resources */,
			);
			runOnlyForDeploymentPostprocessing = 0;
		};
/* End PBXResourcesBuildPhase section */

/* Begin PBXShellScriptBuildPhase section */
		02F423CF189D80CC00042E9D /* ShellScript */ = {
			isa = PBXShellScriptBuildPhase;
			buildActionMask = 2147483647;
			files = (
			);
			inputPaths = (
			);
			outputPaths = (
			);
			runOnlyForDeploymentPostprocessing = 0;
			shellPath = /bin/sh;
			shellScript = "PATH=${PATH}:/usr/local/bin\ncd \"${PROJECT_DIR}/FaceAnthem\"\nmogenerator --human-dir Code --machine-dir Code/MOGenerated --model FaceAnthemModel.xcdatamodeld/FaceAnthemModel.xcdatamodel --template-var arc=true";
		};
		08FCFCC3B0674CAEBB9A7F7B /* Check Pods Manifest.lock */ = {
			isa = PBXShellScriptBuildPhase;
			buildActionMask = 2147483647;
			files = (
			);
			inputPaths = (
			);
			name = "Check Pods Manifest.lock";
			outputPaths = (
			);
			runOnlyForDeploymentPostprocessing = 0;
			shellPath = /bin/sh;
			shellScript = "diff \"${PODS_ROOT}/../Podfile.lock\" \"${PODS_ROOT}/Manifest.lock\" > /dev/null\nif [[ $? != 0 ]] ; then\n    cat << EOM\nerror: The sandbox is not in sync with the Podfile.lock. Run 'pod install' or update your CocoaPods installation.\nEOM\n    exit 1\nfi\n";
			showEnvVarsInLog = 0;
		};
		6D188144629F45AABCB7F1BF /* Copy Pods Resources */ = {
			isa = PBXShellScriptBuildPhase;
			buildActionMask = 2147483647;
			files = (
			);
			inputPaths = (
			);
			name = "Copy Pods Resources";
			outputPaths = (
			);
			runOnlyForDeploymentPostprocessing = 0;
			shellPath = /bin/sh;
			shellScript = "\"${SRCROOT}/Pods/Pods-resources.sh\"\n";
			showEnvVarsInLog = 0;
		};
/* End PBXShellScriptBuildPhase section */

/* Begin PBXSourcesBuildPhase section */
		022C823F18972E8900CA4953 /* Sources */ = {
			isa = PBXSourcesBuildPhase;
			buildActionMask = 2147483647;
			files = (
				021B7DFB18E3E5C400C68A59 /* FABaseCameraViewController.mm in Sources */,
				022C829918977CC800CA4953 /* UIStoryboard+FaceAnthem.m in Sources */,
				02EFA48718C141C900C42C4C /* _FAPicture.m in Sources */,
				0292914718C451BD009DD431 /* FAAddPhotosViewController.mm in Sources */,
				02AFFDC618D7F675007A46BF /* FAOpenCVData.mm in Sources */,
				022C825718972E8900CA4953 /* FAAppDelegate.m in Sources */,
				02F423C6189D7FD000042E9D /* FAPerson.m in Sources */,
				02F423CA189D7FEA00042E9D /* _FAPerson.m in Sources */,
				02EFA48418C1350D00C42C4C /* FAPeopleViewController.mm in Sources */,
				02AFFDC218D6A922007A46BF /* FAFaceDetector.mm in Sources */,
				027BE10218DE3051002FCD6B /* FAConstants.m in Sources */,
				02F423D2189D9D3B00042E9D /* FAFaceRecognizer.mm in Sources */,
				02F423C2189D7E3200042E9D /* FaceAnthemModel.xcdatamodeld in Sources */,
				02EFA48F18C14DB800C42C4C /* FAPersonCell.m in Sources */,
				0292914018C15597009DD431 /* FAEditPersonViewController.m in Sources */,
				022C825318972E8900CA4953 /* main.m in Sources */,
				021B7DF818E3CDBE00C68A59 /* FAImageCollectionViewCell.m in Sources */,
				0292914418C25EF8009DD431 /* FAAddPersonViewController.m in Sources */,
				02EFA48A18C141D600C42C4C /* FAPicture.mm in Sources */,
				022C826018972E8900CA4953 /* FARootViewController.mm in Sources */,
				02AFFDBF18D4E2E6007A46BF /* FAPersonBaseViewController.mm in Sources */,
			);
			runOnlyForDeploymentPostprocessing = 0;
		};
		022C826318972E8900CA4953 /* Sources */ = {
			isa = PBXSourcesBuildPhase;
			buildActionMask = 2147483647;
			files = (
				022C827518972E8900CA4953 /* FaceAnthemTests.m in Sources */,
			);
			runOnlyForDeploymentPostprocessing = 0;
		};
/* End PBXSourcesBuildPhase section */

/* Begin PBXTargetDependency section */
		022C826D18972E8900CA4953 /* PBXTargetDependency */ = {
			isa = PBXTargetDependency;
			target = 022C824218972E8900CA4953 /* FaceAnthem */;
			targetProxy = 022C826C18972E8900CA4953 /* PBXContainerItemProxy */;
		};
/* End PBXTargetDependency section */

/* Begin PBXVariantGroup section */
		022C824F18972E8900CA4953 /* InfoPlist.strings */ = {
			isa = PBXVariantGroup;
			children = (
				022C825018972E8900CA4953 /* en */,
			);
			name = InfoPlist.strings;
			sourceTree = "<group>";
		};
		022C825818972E8900CA4953 /* Main_iPhone.storyboard */ = {
			isa = PBXVariantGroup;
			children = (
				022C825918972E8900CA4953 /* Base */,
			);
			name = Main_iPhone.storyboard;
			sourceTree = "<group>";
		};
		022C825B18972E8900CA4953 /* Main_iPad.storyboard */ = {
			isa = PBXVariantGroup;
			children = (
				022C825C18972E8900CA4953 /* Base */,
			);
			name = Main_iPad.storyboard;
			sourceTree = "<group>";
		};
		022C827118972E8900CA4953 /* InfoPlist.strings */ = {
			isa = PBXVariantGroup;
			children = (
				022C827218972E8900CA4953 /* en */,
			);
			name = InfoPlist.strings;
			sourceTree = "<group>";
		};
/* End PBXVariantGroup section */

/* Begin XCBuildConfiguration section */
		022C827618972E8900CA4953 /* Debug */ = {
			isa = XCBuildConfiguration;
			buildSettings = {
				ALWAYS_SEARCH_USER_PATHS = NO;
				CLANG_CXX_LANGUAGE_STANDARD = "gnu++0x";
				CLANG_CXX_LIBRARY = "libc++";
				CLANG_ENABLE_MODULES = YES;
				CLANG_ENABLE_OBJC_ARC = YES;
				CLANG_WARN_BOOL_CONVERSION = YES;
				CLANG_WARN_CONSTANT_CONVERSION = YES;
				CLANG_WARN_DIRECT_OBJC_ISA_USAGE = YES_ERROR;
				CLANG_WARN_EMPTY_BODY = YES;
				CLANG_WARN_ENUM_CONVERSION = YES;
				CLANG_WARN_INT_CONVERSION = YES;
				CLANG_WARN_OBJC_ROOT_CLASS = YES_ERROR;
				CLANG_WARN__DUPLICATE_METHOD_MATCH = YES;
				"CODE_SIGN_IDENTITY[sdk=iphoneos*]" = "iPhone Developer";
				COPY_PHASE_STRIP = NO;
				GCC_C_LANGUAGE_STANDARD = gnu99;
				GCC_DYNAMIC_NO_PIC = NO;
				GCC_OPTIMIZATION_LEVEL = 0;
				GCC_PREPROCESSOR_DEFINITIONS = (
					"DEBUG=1",
					"$(inherited)",
				);
				GCC_SYMBOLS_PRIVATE_EXTERN = NO;
				GCC_WARN_64_TO_32_BIT_CONVERSION = YES;
				GCC_WARN_ABOUT_RETURN_TYPE = YES_ERROR;
				GCC_WARN_UNDECLARED_SELECTOR = YES;
				GCC_WARN_UNINITIALIZED_AUTOS = YES;
				GCC_WARN_UNUSED_FUNCTION = YES;
				GCC_WARN_UNUSED_VARIABLE = YES;
				IPHONEOS_DEPLOYMENT_TARGET = 7.0;
				ONLY_ACTIVE_ARCH = YES;
				SDKROOT = iphoneos;
				TARGETED_DEVICE_FAMILY = "1,2";
			};
			name = Debug;
		};
		022C827718972E8900CA4953 /* Release */ = {
			isa = XCBuildConfiguration;
			buildSettings = {
				ALWAYS_SEARCH_USER_PATHS = NO;
				CLANG_CXX_LANGUAGE_STANDARD = "gnu++0x";
				CLANG_CXX_LIBRARY = "libc++";
				CLANG_ENABLE_MODULES = YES;
				CLANG_ENABLE_OBJC_ARC = YES;
				CLANG_WARN_BOOL_CONVERSION = YES;
				CLANG_WARN_CONSTANT_CONVERSION = YES;
				CLANG_WARN_DIRECT_OBJC_ISA_USAGE = YES_ERROR;
				CLANG_WARN_EMPTY_BODY = YES;
				CLANG_WARN_ENUM_CONVERSION = YES;
				CLANG_WARN_INT_CONVERSION = YES;
				CLANG_WARN_OBJC_ROOT_CLASS = YES_ERROR;
				CLANG_WARN__DUPLICATE_METHOD_MATCH = YES;
				"CODE_SIGN_IDENTITY[sdk=iphoneos*]" = "iPhone Developer";
				COPY_PHASE_STRIP = YES;
				ENABLE_NS_ASSERTIONS = NO;
				GCC_C_LANGUAGE_STANDARD = gnu99;
				GCC_WARN_64_TO_32_BIT_CONVERSION = YES;
				GCC_WARN_ABOUT_RETURN_TYPE = YES_ERROR;
				GCC_WARN_UNDECLARED_SELECTOR = YES;
				GCC_WARN_UNINITIALIZED_AUTOS = YES;
				GCC_WARN_UNUSED_FUNCTION = YES;
				GCC_WARN_UNUSED_VARIABLE = YES;
				IPHONEOS_DEPLOYMENT_TARGET = 7.0;
				SDKROOT = iphoneos;
				TARGETED_DEVICE_FAMILY = "1,2";
				VALIDATE_PRODUCT = YES;
			};
			name = Release;
		};
		022C827918972E8900CA4953 /* Debug */ = {
			isa = XCBuildConfiguration;
			baseConfigurationReference = 70E3271B0C2B476AAC4C0D01 /* Pods.xcconfig */;
			buildSettings = {
				ASSETCATALOG_COMPILER_APPICON_NAME = AppIcon;
				ASSETCATALOG_COMPILER_LAUNCHIMAGE_NAME = LaunchImage;
				GCC_PRECOMPILE_PREFIX_HEADER = YES;
				GCC_PREFIX_HEADER = "FaceAnthem/FaceAnthem-Prefix.pch";
				INFOPLIST_FILE = "FaceAnthem/FaceAnthem-Info.plist";
				OTHER_LDFLAGS = (
					"-ObjC",
					"-all_load",
					"-lc++",
					"-lstdc++",
					"-framework",
					AVFoundation,
					"-framework",
					Accelerate,
					"-framework",
					AssetsLibrary,
					"-framework",
					CoreData,
					"-framework",
					CoreGraphics,
					"-framework",
					CoreImage,
					"-framework",
					CoreMedia,
					"-framework",
					CoreVideo,
					"-framework",
					Foundation,
					"-framework",
					QuartzCore,
					"-framework",
					UIKit,
					"-framework",
					opencv2,
				);
				PRODUCT_NAME = "$(TARGET_NAME)";
				WRAPPER_EXTENSION = app;
			};
			name = Debug;
		};
		022C827A18972E8900CA4953 /* Release */ = {
			isa = XCBuildConfiguration;
			baseConfigurationReference = 70E3271B0C2B476AAC4C0D01 /* Pods.xcconfig */;
			buildSettings = {
				ASSETCATALOG_COMPILER_APPICON_NAME = AppIcon;
				ASSETCATALOG_COMPILER_LAUNCHIMAGE_NAME = LaunchImage;
				GCC_PRECOMPILE_PREFIX_HEADER = YES;
				GCC_PREFIX_HEADER = "FaceAnthem/FaceAnthem-Prefix.pch";
				INFOPLIST_FILE = "FaceAnthem/FaceAnthem-Info.plist";
				OTHER_LDFLAGS = (
					"-ObjC",
					"-all_load",
					"-lc++",
					"-lstdc++",
					"-framework",
					AVFoundation,
					"-framework",
					Accelerate,
					"-framework",
					AssetsLibrary,
					"-framework",
					CoreData,
					"-framework",
					CoreGraphics,
					"-framework",
					CoreImage,
					"-framework",
					CoreMedia,
					"-framework",
					CoreVideo,
					"-framework",
					Foundation,
					"-framework",
					QuartzCore,
					"-framework",
					UIKit,
					"-framework",
					opencv2,
				);
				PRODUCT_NAME = "$(TARGET_NAME)";
				WRAPPER_EXTENSION = app;
			};
			name = Release;
		};
		022C827C18972E8900CA4953 /* Debug */ = {
			isa = XCBuildConfiguration;
			buildSettings = {
				BUNDLE_LOADER = "$(BUILT_PRODUCTS_DIR)/FaceAnthem.app/FaceAnthem";
				FRAMEWORK_SEARCH_PATHS = (
					"$(SDKROOT)/Developer/Library/Frameworks",
					"$(inherited)",
					"$(DEVELOPER_FRAMEWORKS_DIR)",
				);
				GCC_PRECOMPILE_PREFIX_HEADER = YES;
				GCC_PREFIX_HEADER = "FaceAnthem/FaceAnthem-Prefix.pch";
				GCC_PREPROCESSOR_DEFINITIONS = (
					"DEBUG=1",
					"$(inherited)",
				);
				INFOPLIST_FILE = "FaceAnthemTests/FaceAnthemTests-Info.plist";
				PRODUCT_NAME = "$(TARGET_NAME)";
				TEST_HOST = "$(BUNDLE_LOADER)";
				WRAPPER_EXTENSION = xctest;
			};
			name = Debug;
		};
		022C827D18972E8900CA4953 /* Release */ = {
			isa = XCBuildConfiguration;
			buildSettings = {
				BUNDLE_LOADER = "$(BUILT_PRODUCTS_DIR)/FaceAnthem.app/FaceAnthem";
				FRAMEWORK_SEARCH_PATHS = (
					"$(SDKROOT)/Developer/Library/Frameworks",
					"$(inherited)",
					"$(DEVELOPER_FRAMEWORKS_DIR)",
				);
				GCC_PRECOMPILE_PREFIX_HEADER = YES;
				GCC_PREFIX_HEADER = "FaceAnthem/FaceAnthem-Prefix.pch";
				INFOPLIST_FILE = "FaceAnthemTests/FaceAnthemTests-Info.plist";
				PRODUCT_NAME = "$(TARGET_NAME)";
				TEST_HOST = "$(BUNDLE_LOADER)";
				WRAPPER_EXTENSION = xctest;
			};
			name = Release;
		};
		02F423CD189D80B100042E9D /* Debug */ = {
			isa = XCBuildConfiguration;
			buildSettings = {
				PRODUCT_NAME = "$(TARGET_NAME)";
			};
			name = Debug;
		};
		02F423CE189D80B100042E9D /* Release */ = {
			isa = XCBuildConfiguration;
			buildSettings = {
				PRODUCT_NAME = "$(TARGET_NAME)";
			};
			name = Release;
		};
/* End XCBuildConfiguration section */

/* Begin XCConfigurationList section */
		022C823E18972E8900CA4953 /* Build configuration list for PBXProject "FaceAnthem" */ = {
			isa = XCConfigurationList;
			buildConfigurations = (
				022C827618972E8900CA4953 /* Debug */,
				022C827718972E8900CA4953 /* Release */,
			);
			defaultConfigurationIsVisible = 0;
			defaultConfigurationName = Release;
		};
		022C827818972E8900CA4953 /* Build configuration list for PBXNativeTarget "FaceAnthem" */ = {
			isa = XCConfigurationList;
			buildConfigurations = (
				022C827918972E8900CA4953 /* Debug */,
				022C827A18972E8900CA4953 /* Release */,
			);
			defaultConfigurationIsVisible = 0;
			defaultConfigurationName = Release;
		};
		022C827B18972E8900CA4953 /* Build configuration list for PBXNativeTarget "FaceAnthemTests" */ = {
			isa = XCConfigurationList;
			buildConfigurations = (
				022C827C18972E8900CA4953 /* Debug */,
				022C827D18972E8900CA4953 /* Release */,
			);
			defaultConfigurationIsVisible = 0;
			defaultConfigurationName = Release;
		};
		02F423CC189D80B100042E9D /* Build configuration list for PBXAggregateTarget "MOGenerator" */ = {
			isa = XCConfigurationList;
			buildConfigurations = (
				02F423CD189D80B100042E9D /* Debug */,
				02F423CE189D80B100042E9D /* Release */,
			);
			defaultConfigurationIsVisible = 0;
			defaultConfigurationName = Release;
		};
/* End XCConfigurationList section */

/* Begin XCVersionGroup section */
		02F423C0189D7E3200042E9D /* FaceAnthemModel.xcdatamodeld */ = {
			isa = XCVersionGroup;
			children = (
				02F423C1189D7E3200042E9D /* FaceAnthemModel.xcdatamodel */,
			);
			currentVersion = 02F423C1189D7E3200042E9D /* FaceAnthemModel.xcdatamodel */;
			path = FaceAnthemModel.xcdatamodeld;
			sourceTree = "<group>";
			versionGroupType = wrapper.xcdatamodel;
		};
/* End XCVersionGroup section */
	};
	rootObject = 022C823B18972E8900CA4953 /* Project object */;
}
